
Microsoft Visual Studio Solution File, Format Version 12.00
# Visual Studio Version 16
VisualStudioVersion = 16.0.30517.126
MinimumVisualStudioVersion = 10.0.40219.1
Project("{FAE04EC0-301F-11D3-BF4B-00C04F79EFBC}") = "Week3Exercises", "Week3Exercises\Week3Exercises.csproj", "{0C4D8FB6-47BB-4443-B225-0EDD7DEB9AA7}"
EndProject
Project("{FAE04EC0-301F-11D3-BF4B-00C04F79EFBC}") = "WeatherReport", "WeatherReport\WeatherReport.csproj", "{578C2F54-587A-4CA3-B4CC-60E996D466B3}"
EndProject
Project("{FAE04EC0-301F-11D3-BF4B-00C04F79EFBC}") = "DateAndTImeObjects", "DateAndTImeObjects\DateAndTImeObjects.csproj", "{14644A6B-BA60-416C-90C2-D134A3E1E373}"
EndProject
Global
	GlobalSection(SolutionConfigurationPlatforms) = preSolution
		Debug|Any CPU = Debug|Any CPU
		Release|Any CPU = Release|Any CPU
	EndGlobalSection
	GlobalSection(ProjectConfigurationPlatforms) = postSolution
		{0C4D8FB6-47BB-4443-B225-0EDD7DEB9AA7}.Debug|Any CPU.ActiveCfg = Debug|Any CPU
		{0C4D8FB6-47BB-4443-B225-0EDD7DEB9AA7}.Debug|Any CPU.Build.0 = Debug|Any CPU
		{0C4D8FB6-47BB-4443-B225-0EDD7DEB9AA7}.Release|Any CPU.ActiveCfg = Release|Any CPU
		{0C4D8FB6-47BB-4443-B225-0EDD7DEB9AA7}.Release|Any CPU.Build.0 = Release|Any CPU
		{578C2F54-587A-4CA3-B4CC-60E996D466B3}.Debug|Any CPU.ActiveCfg = Debug|Any CPU
		{578C2F54-587A-4CA3-B4CC-60E996D466B3}.Debug|Any CPU.Build.0 = Debug|Any CPU
		{578C2F54-587A-4CA3-B4CC-60E996D466B3}.Release|Any CPU.ActiveCfg = Release|Any CPU
		{578C2F54-587A-4CA3-B4CC-60E996D466B3}.Release|Any CPU.Build.0 = Release|Any CPU
		{14644A6B-BA60-416C-90C2-D134A3E1E373}.Debug|Any CPU.ActiveCfg = Debug|Any CPU
		{14644A6B-BA60-416C-90C2-D134A3E1E373}.Debug|Any CPU.Build.0 = Debug|Any CPU
		{14644A6B-BA60-416C-90C2-D134A3E1E373}.Release|Any CPU.ActiveCfg = Release|Any CPU
		{14644A6B-BA60-416C-90C2-D134A3E1E373}.Release|Any CPU.Build.0 = Release|Any CPU
	EndGlobalSection
	GlobalSection(SolutionProperties) = preSolution
		HideSolutionNode = FALSE
	EndGlobalSection
	GlobalSection(ExtensibilityGlobals) = postSolution
		SolutionGuid = {E73223E7-93A4-4320-950C-B2BAEDDC1731}
	EndGlobalSection
EndGlobal
